<?xml version="1.0" encoding="utf-8"?>
<Project ToolsVersion="4.0" xmlns="http://schemas.microsoft.com/developer/msbuild/2003">
  <ItemGroup>
    <Filter Include="SimpleTest">
      <UniqueIdentifier>{21255293-d5c1-42c9-af8e-2929a52df7ee}</UniqueIdentifier>
    </Filter>
  </ItemGroup>
  <ItemGroup>
    <ClCompile Include="main.cpp" />
  </ItemGroup>
  <ItemGroup>
    <ClInclude Include="SimpleTest\Triangle.h">
      <Filter>SimpleTest</Filter>
    </ClInclude>
  </ItemGroup>
</Project>